# Generated by pub
# See https://dart.dev/tools/pub/glossary#lockfile
packages:
  adaptive_number:
    dependency: transitive
    description:
      name: adaptive_number
      sha256: "3a567544e9b5c9c803006f51140ad544aedc79604fd4f3f2c1380003f97c1d77"
      url: "https://pub.dev"
    source: hosted
    version: "1.0.0"
  args:
    dependency: transitive
    description:
      name: args
      sha256: d0481093c50b1da8910eb0bb301626d4d8eb7284aa739614d2b394ee09e3ea04
      url: "https://pub.dev"
    source: hosted
    version: "2.7.0"
  async:
    dependency: transitive
    description:
      name: async
      sha256: "758e6d74e971c3e5aceb4110bfd6698efc7f501675bcfe0c775459a8140750eb"
      url: "https://pub.dev"
    source: hosted
    version: "2.13.0"
  bcrypt:
    dependency: transitive
    description:
      name: bcrypt
      sha256: "9dc3f234d5935a76917a6056613e1a6d9b53f7fa56f98e24cd49b8969307764b"
      url: "https://pub.dev"
    source: hosted
    version: "1.1.3"
  buffer:
    dependency: transitive
    description:
      name: buffer
      sha256: "389da2ec2c16283c8787e0adaede82b1842102f8c8aae2f49003a766c5c6b3d1"
      url: "https://pub.dev"
    source: hosted
    version: "1.2.3"
  charcode:
    dependency: transitive
    description:
      name: charcode
      sha256: fb0f1107cac15a5ea6ef0a6ef71a807b9e4267c713bb93e00e92d737cc8dbd8a
      url: "https://pub.dev"
    source: hosted
    version: "1.4.0"
  clock:
    dependency: transitive
    description:
      name: clock
      sha256: fddb70d9b5277016c77a80201021d40a2247104d9f4aa7bab7157b7e3f05b84b
      url: "https://pub.dev"
    source: hosted
    version: "1.1.2"
  collection:
    dependency: transitive
    description:
      name: collection
      sha256: "2f5709ae4d3d59dd8f7cd309b4e023046b57d8a6c82130785d2b0e5868084e76"
      url: "https://pub.dev"
    source: hosted
    version: "1.19.1"
  convert:
    dependency: transitive
    description:
      name: convert
      sha256: b30acd5944035672bc15c6b7a8b47d773e41e2f17de064350988c5d02adb1c68
      url: "https://pub.dev"
    source: hosted
    version: "3.1.2"
  crypto:
    dependency: "direct main"
    description:
      name: crypto
      sha256: c8ea0233063ba03258fbcf2ca4d6dadfefe14f02fab57702265467a19f27fadf
      url: "https://pub.dev"
    source: hosted
    version: "3.0.7"
  dart_jsonwebtoken:
    dependency: transitive
    description:
      name: dart_jsonwebtoken
      sha256: "0de65691c1d736e9459f22f654ddd6fd8368a271d4e41aa07e53e6301eff5075"
      url: "https://pub.dev"
    source: hosted
    version: "3.3.1"
  ed25519_edwards:
    dependency: transitive
    description:
      name: ed25519_edwards
      sha256: "6ce0112d131327ec6d42beede1e5dfd526069b18ad45dcf654f15074ad9276cd"
      url: "https://pub.dev"
    source: hosted
    version: "0.3.1"
  fixnum:
    dependency: transitive
    description:
      name: fixnum
      sha256: b6dc7065e46c974bc7c5f143080a6764ec7a4be6da1285ececdc37be96de53be
      url: "https://pub.dev"
    source: hosted
    version: "1.1.1"
  flint_client:
    dependency: transitive
    description:
      name: flint_client
      sha256: e1cb6097c90917457e6d201ea152720db75b9580ccf2dd569d4452682aa72d09
      url: "https://pub.dev"
    source: hosted
    version: "0.0.1+5"
  flint_dart:
    dependency: "direct main"
    description:
      path: "../flint_dart"
      relative: true
    source: path
    version: "1.0.0+27"
  intl:
    dependency: transitive
    description:
      name: intl
      sha256: "3df61194eb431efc39c4ceba583b95633a403f46c9fd341e550ce0bfa50e9aa5"
      url: "https://pub.dev"
    source: hosted
    version: "0.20.2"
  logging:
    dependency: transitive
    description:
      name: logging
      sha256: c8245ada5f1717ed44271ed1c26b8ce85ca3228fd2ffdb75468ab01979309d61
      url: "https://pub.dev"
    source: hosted
    version: "1.3.0"
  mailer:
    dependency: transitive
    description:
      name: mailer
      sha256: c3b934c0e800ddc946167c0123a900eba5acd009abb73648d0191a742542f2b4
      url: "https://pub.dev"
    source: hosted
    version: "6.6.0"
  meta:
    dependency: transitive
    description:
      name: meta
      sha256: "23f08335362185a5ea2ad3a4e597f1375e78bce8a040df5c600c8d3552ef2394"
      url: "https://pub.dev"
    source: hosted
    version: "1.17.0"
  mime:
    dependency: transitive
    description:
      name: mime
      sha256: "41a20518f0cb1256669420fdba0cd90d21561e560ac240f26ef8322e45bb7ed6"
      url: "https://pub.dev"
    source: hosted
    version: "2.0.0"
  mysql_dart:
    dependency: "direct main"
    description:
      path: "."
      ref: main
      resolved-ref: "582f81d1cf65eebbb8430119f8a935916cae0a08"
      url: "https://github.com/Hybiekay/mysql.dart"
    source: git
    version: "1.2.1"
  package_config:
    dependency: transitive
    description:
      name: package_config
      sha256: f096c55ebb7deb7e384101542bfba8c52696c1b56fca2eb62827989ef2353bbc
      url: "https://pub.dev"
    source: hosted
    version: "2.2.0"
  path:
    dependency: transitive
    description:
      name: path
      sha256: "75cca69d1490965be98c73ceaea117e8a04dd21217b37b292c9ddbec0d955bc5"
      url: "https://pub.dev"
    source: hosted
    version: "1.9.1"
  pointycastle:
    dependency: transitive
    description:
      name: pointycastle
      sha256: "92aa3841d083cc4b0f4709b5c74fd6409a3e6ba833ffc7dc6a8fee096366acf5"
      url: "https://pub.dev"
    source: hosted
    version: "4.0.0"
  pool:
    dependency: transitive
    description:
      name: pool
      sha256: "978783255c543aa3586a1b3c21f6e9d720eb315376a915872c61ef8b5c20177d"
      url: "https://pub.dev"
    source: hosted
    version: "1.5.2"
  postgres:
    dependency: transitive
    description:
      name: postgres
      sha256: fefbbfe749c6130e5096588b9c4459173684c695952cd7636ab19be76f255469
      url: "https://pub.dev"
    source: hosted
    version: "3.5.9"
  stack_trace:
    dependency: transitive
    description:
      name: stack_trace
      sha256: "8b27215b45d22309b5cddda1aa2b19bdfec9df0e765f2de506401c071d38d1b1"
      url: "https://pub.dev"
    source: hosted
    version: "1.12.1"
  stream_channel:
    dependency: transitive
    description:
      name: stream_channel
      sha256: "969e04c80b8bcdf826f8f16579c7b14d780458bd97f56d107d3950fdbeef059d"
      url: "https://pub.dev"
    source: hosted
    version: "2.1.4"
  tuple:
    dependency: transitive
    description:
      name: tuple
      sha256: a97ce2013f240b2f3807bcbaf218765b6f301c3eff91092bcfa23a039e7dd151
      url: "https://pub.dev"
    source: hosted
    version: "2.0.2"
  typed_data:
    dependency: transitive
    description:
      name: typed_data
      sha256: f9049c039ebfeb4cf7a7104a675823cd72dba8297f264b6637062516699fa006
      url: "https://pub.dev"
    source: hosted
    version: "1.4.0"
  universal_web:
    dependency: transitive
    description:
      name: universal_web
      sha256: "618a9d8659e9429875f69d4da0fb9c0c143d3d4cdab28b4545502088aa50ed62"
      url: "https://pub.dev"
    source: hosted
    version: "1.1.1+1"
  uuid:
    dependency: transitive
    description:
      name: uuid
      sha256: a11b666489b1954e01d992f3d601b1804a33937b5a8fe677bd26b8a9f96f96e8
      url: "https://pub.dev"
    source: hosted
    version: "4.5.2"
  watcher:
    dependency: transitive
    description:
      name: watcher
      sha256: "1398c9f081a753f9226febe8900fce8f7d0a67163334e1c94a2438339d79d635"
      url: "https://pub.dev"
    source: hosted
    version: "1.2.1"
  web:
    dependency: transitive
    description:
      name: web
      sha256: "868d88a33d8a87b18ffc05f9f030ba328ffefba92d6c127917a2ba740f9cfe4a"
      url: "https://pub.dev"
    source: hosted
    version: "1.1.1"
  worker_manager:
    dependency: transitive
    description:
      name: worker_manager
      sha256: "1bce9f894a0c187856f5fc0e150e7fe1facce326f048ca6172947754dac3d4f3"
      url: "https://pub.dev"
    source: hosted
    version: "7.2.7"
sdks:
  dart: ">=3.9.0 <4.0.0"
